
Microsoft Visual Studio Solution File, Format Version 12.00
# Visual Studio 2012
# SharpDevelop 5.1
VisualStudioVersion = 12.0.20827.3
MinimumVisualStudioVersion = 10.0.40219.1
Project("{FAE04EC0-301F-11D3-BF4B-00C04F79EFBC}") = "DwarfDB", "DwarfDB.csproj", "{D4E12558-0D40-48D4-899D-0A098F986CB2}"
EndProject
Project("{FAE04EC0-301F-11D3-BF4B-00C04F79EFBC}") = "AppSample", "..\..\AppSample\AppSample.csproj", "{35DD23F1-1198-4C81-97C7-5174340AC3B1}"
EndProject
Project("{FAE04EC0-301F-11D3-BF4B-00C04F79EFBC}") = "Newtonsoft.Json", "..\..\..\Newtonsoft.Json\Src\Newtonsoft.Json\Newtonsoft.Json.csproj", "{EEEA67F9-9089-481D-A4DC-0966DEC9FD7D}"
EndProject
Global
	GlobalSection(SolutionConfigurationPlatforms) = preSolution
		Debug|Any CPU = Debug|Any CPU
		Release|Any CPU = Release|Any CPU
		Debug2|Any CPU = Debug2|Any CPU
		Debug3|Any CPU = Debug3|Any CPU
		Debug4|Any CPU = Debug4|Any CPU
	EndGlobalSection
	GlobalSection(ProjectConfigurationPlatforms) = postSolution
		{D4E12558-0D40-48D4-899D-0A098F986CB2}.Debug|Any CPU.ActiveCfg = Debug|Any CPU
		{D4E12558-0D40-48D4-899D-0A098F986CB2}.Debug|Any CPU.Build.0 = Debug|Any CPU
		{D4E12558-0D40-48D4-899D-0A098F986CB2}.Release|Any CPU.ActiveCfg = Release|Any CPU
		{D4E12558-0D40-48D4-899D-0A098F986CB2}.Release|Any CPU.Build.0 = Release|Any CPU
		{D4E12558-0D40-48D4-899D-0A098F986CB2}.Debug2|Any CPU.ActiveCfg = Debug2|Any CPU
		{D4E12558-0D40-48D4-899D-0A098F986CB2}.Debug2|Any CPU.Build.0 = Debug2|Any CPU
		{D4E12558-0D40-48D4-899D-0A098F986CB2}.Debug3|Any CPU.ActiveCfg = Debug3|Any CPU
		{D4E12558-0D40-48D4-899D-0A098F986CB2}.Debug3|Any CPU.Build.0 = Debug3|Any CPU
		{D4E12558-0D40-48D4-899D-0A098F986CB2}.Debug4|Any CPU.ActiveCfg = Debug4|Any CPU
		{D4E12558-0D40-48D4-899D-0A098F986CB2}.Debug4|Any CPU.Build.0 = Debug4|Any CPU
		{35DD23F1-1198-4C81-97C7-5174340AC3B1}.Debug|Any CPU.ActiveCfg = Debug|Any CPU
		{35DD23F1-1198-4C81-97C7-5174340AC3B1}.Debug|Any CPU.Build.0 = Debug|Any CPU
		{35DD23F1-1198-4C81-97C7-5174340AC3B1}.Release|Any CPU.ActiveCfg = Release|Any CPU
		{35DD23F1-1198-4C81-97C7-5174340AC3B1}.Release|Any CPU.Build.0 = Release|Any CPU
		{35DD23F1-1198-4C81-97C7-5174340AC3B1}.Debug2|Any CPU.ActiveCfg = (Debug2)|Any CPU
		{35DD23F1-1198-4C81-97C7-5174340AC3B1}.Debug2|Any CPU.Build.0 = (Debug2)|Any CPU
		{35DD23F1-1198-4C81-97C7-5174340AC3B1}.Debug3|Any CPU.ActiveCfg = Debug3|Any CPU
		{35DD23F1-1198-4C81-97C7-5174340AC3B1}.Debug3|Any CPU.Build.0 = Debug3|Any CPU
		{35DD23F1-1198-4C81-97C7-5174340AC3B1}.Debug4|Any CPU.ActiveCfg = Debug4|Any CPU
		{35DD23F1-1198-4C81-97C7-5174340AC3B1}.Debug4|Any CPU.Build.0 = Debug4|Any CPU
		{EEEA67F9-9089-481D-A4DC-0966DEC9FD7D}.Debug|Any CPU.ActiveCfg = Debug|Any CPU
		{EEEA67F9-9089-481D-A4DC-0966DEC9FD7D}.Debug|Any CPU.Build.0 = Debug|Any CPU
		{EEEA67F9-9089-481D-A4DC-0966DEC9FD7D}.Release|Any CPU.ActiveCfg = Release|Any CPU
		{EEEA67F9-9089-481D-A4DC-0966DEC9FD7D}.Release|Any CPU.Build.0 = Release|Any CPU
		{EEEA67F9-9089-481D-A4DC-0966DEC9FD7D}.Debug2|Any CPU.ActiveCfg = Debug|Any CPU
		{EEEA67F9-9089-481D-A4DC-0966DEC9FD7D}.Debug2|Any CPU.Build.0 = Debug|Any CPU
		{EEEA67F9-9089-481D-A4DC-0966DEC9FD7D}.Debug3|Any CPU.ActiveCfg = Debug|Any CPU
		{EEEA67F9-9089-481D-A4DC-0966DEC9FD7D}.Debug3|Any CPU.Build.0 = Debug|Any CPU
		{EEEA67F9-9089-481D-A4DC-0966DEC9FD7D}.Debug4|Any CPU.ActiveCfg = Debug|Any CPU
		{EEEA67F9-9089-481D-A4DC-0966DEC9FD7D}.Debug4|Any CPU.Build.0 = Debug|Any CPU
	EndGlobalSection
EndGlobal
